
Microsoft Visual Studio Solution File, Format Version 12.00
# Visual Studio Version 16
VisualStudioVersion = 16.0.32228.343
MinimumVisualStudioVersion = 10.0.40219.1
Project("{FAE04EC0-301F-11D3-BF4B-00C04F79EFBC}") = "JuanTaco.Android", "JuanTaco.Android\JuanTaco.Android.csproj", "{574BAD42-0A92-46DA-9518-3E654FD54C8D}"
EndProject
Project("{FAE04EC0-301F-11D3-BF4B-00C04F79EFBC}") = "JuanTaco.iOS", "JuanTaco.iOS\JuanTaco.iOS.csproj", "{36F9FC12-0493-42E6-8739-1277B107B340}"
EndProject
Project("{FAE04EC0-301F-11D3-BF4B-00C04F79EFBC}") = "JuanTaco", "JuanTaco\JuanTaco.csproj", "{3E05DD49-0F72-424A-963E-FE960ED55751}"
EndProject
Global
	GlobalSection(SolutionConfigurationPlatforms) = preSolution
		Debug|Any CPU = Debug|Any CPU
		Debug|iPhone = Debug|iPhone
		Debug|iPhoneSimulator = Debug|iPhoneSimulator
		Release|Any CPU = Release|Any CPU
		Release|iPhone = Release|iPhone
		Release|iPhoneSimulator = Release|iPhoneSimulator
	EndGlobalSection
	GlobalSection(ProjectConfigurationPlatforms) = postSolution
		{574BAD42-0A92-46DA-9518-3E654FD54C8D}.Debug|Any CPU.ActiveCfg = Debug|Any CPU
		{574BAD42-0A92-46DA-9518-3E654FD54C8D}.Debug|Any CPU.Build.0 = Debug|Any CPU
		{574BAD42-0A92-46DA-9518-3E654FD54C8D}.Debug|Any CPU.Deploy.0 = Debug|Any CPU
		{574BAD42-0A92-46DA-9518-3E654FD54C8D}.Debug|iPhone.ActiveCfg = Debug|Any CPU
		{574BAD42-0A92-46DA-9518-3E654FD54C8D}.Debug|iPhone.Build.0 = Debug|Any CPU
		{574BAD42-0A92-46DA-9518-3E654FD54C8D}.Debug|iPhone.Deploy.0 = Debug|Any CPU
		{574BAD42-0A92-46DA-9518-3E654FD54C8D}.Debug|iPhoneSimulator.ActiveCfg = Debug|Any CPU
		{574BAD42-0A92-46DA-9518-3E654FD54C8D}.Debug|iPhoneSimulator.Build.0 = Debug|Any CPU
		{574BAD42-0A92-46DA-9518-3E654FD54C8D}.Debug|iPhoneSimulator.Deploy.0 = Debug|Any CPU
		{574BAD42-0A92-46DA-9518-3E654FD54C8D}.Release|Any CPU.ActiveCfg = Release|Any CPU
		{574BAD42-0A92-46DA-9518-3E654FD54C8D}.Release|Any CPU.Build.0 = Release|Any CPU
		{574BAD42-0A92-46DA-9518-3E654FD54C8D}.Release|Any CPU.Deploy.0 = Release|Any CPU
		{574BAD42-0A92-46DA-9518-3E654FD54C8D}.Release|iPhone.ActiveCfg = Release|Any CPU
		{574BAD42-0A92-46DA-9518-3E654FD54C8D}.Release|iPhone.Build.0 = Release|Any CPU
		{574BAD42-0A92-46DA-9518-3E654FD54C8D}.Release|iPhone.Deploy.0 = Release|Any CPU
		{574BAD42-0A92-46DA-9518-3E654FD54C8D}.Release|iPhoneSimulator.ActiveCfg = Release|Any CPU
		{574BAD42-0A92-46DA-9518-3E654FD54C8D}.Release|iPhoneSimulator.Build.0 = Release|Any CPU
		{574BAD42-0A92-46DA-9518-3E654FD54C8D}.Release|iPhoneSimulator.Deploy.0 = Release|Any CPU
		{36F9FC12-0493-42E6-8739-1277B107B340}.Debug|Any CPU.ActiveCfg = Debug|iPhone
		{36F9FC12-0493-42E6-8739-1277B107B340}.Debug|Any CPU.Build.0 = Debug|iPhone
		{36F9FC12-0493-42E6-8739-1277B107B340}.Debug|Any CPU.Deploy.0 = Debug|iPhone
		{36F9FC12-0493-42E6-8739-1277B107B340}.Debug|iPhone.ActiveCfg = Debug|iPhone
		{36F9FC12-0493-42E6-8739-1277B107B340}.Debug|iPhone.Build.0 = Debug|iPhone
		{36F9FC12-0493-42E6-8739-1277B107B340}.Debug|iPhone.Deploy.0 = Debug|iPhone
		{36F9FC12-0493-42E6-8739-1277B107B340}.Debug|iPhoneSimulator.ActiveCfg = Debug|iPhoneSimulator
		{36F9FC12-0493-42E6-8739-1277B107B340}.Debug|iPhoneSimulator.Build.0 = Debug|iPhoneSimulator
		{36F9FC12-0493-42E6-8739-1277B107B340}.Debug|iPhoneSimulator.Deploy.0 = Debug|iPhoneSimulator
		{36F9FC12-0493-42E6-8739-1277B107B340}.Release|Any CPU.ActiveCfg = Release|iPhoneSimulator
		{36F9FC12-0493-42E6-8739-1277B107B340}.Release|Any CPU.Build.0 = Release|iPhoneSimulator
		{36F9FC12-0493-42E6-8739-1277B107B340}.Release|Any CPU.Deploy.0 = Release|iPhoneSimulator
		{36F9FC12-0493-42E6-8739-1277B107B340}.Release|iPhone.ActiveCfg = Release|iPhone
		{36F9FC12-0493-42E6-8739-1277B107B340}.Release|iPhone.Build.0 = Release|iPhone
		{36F9FC12-0493-42E6-8739-1277B107B340}.Release|iPhone.Deploy.0 = Release|iPhone
		{36F9FC12-0493-42E6-8739-1277B107B340}.Release|iPhoneSimulator.ActiveCfg = Release|iPhoneSimulator
		{36F9FC12-0493-42E6-8739-1277B107B340}.Release|iPhoneSimulator.Build.0 = Release|iPhoneSimulator
		{36F9FC12-0493-42E6-8739-1277B107B340}.Release|iPhoneSimulator.Deploy.0 = Release|iPhoneSimulator
		{3E05DD49-0F72-424A-963E-FE960ED55751}.Debug|Any CPU.ActiveCfg = Debug|Any CPU
		{3E05DD49-0F72-424A-963E-FE960ED55751}.Debug|Any CPU.Build.0 = Debug|Any CPU
		{3E05DD49-0F72-424A-963E-FE960ED55751}.Debug|Any CPU.Deploy.0 = Debug|Any CPU
		{3E05DD49-0F72-424A-963E-FE960ED55751}.Debug|iPhone.ActiveCfg = Debug|Any CPU
		{3E05DD49-0F72-424A-963E-FE960ED55751}.Debug|iPhone.Build.0 = Debug|Any CPU
		{3E05DD49-0F72-424A-963E-FE960ED55751}.Debug|iPhone.Deploy.0 = Debug|Any CPU
		{3E05DD49-0F72-424A-963E-FE960ED55751}.Debug|iPhoneSimulator.ActiveCfg = Debug|Any CPU
		{3E05DD49-0F72-424A-963E-FE960ED55751}.Debug|iPhoneSimulator.Build.0 = Debug|Any CPU
		{3E05DD49-0F72-424A-963E-FE960ED55751}.Debug|iPhoneSimulator.Deploy.0 = Debug|Any CPU
		{3E05DD49-0F72-424A-963E-FE960ED55751}.Release|Any CPU.ActiveCfg = Release|Any CPU
		{3E05DD49-0F72-424A-963E-FE960ED55751}.Release|Any CPU.Build.0 = Release|Any CPU
		{3E05DD49-0F72-424A-963E-FE960ED55751}.Release|Any CPU.Deploy.0 = Release|Any CPU
		{3E05DD49-0F72-424A-963E-FE960ED55751}.Release|iPhone.ActiveCfg = Release|Any CPU
		{3E05DD49-0F72-424A-963E-FE960ED55751}.Release|iPhone.Build.0 = Release|Any CPU
		{3E05DD49-0F72-424A-963E-FE960ED55751}.Release|iPhone.Deploy.0 = Release|Any CPU
		{3E05DD49-0F72-424A-963E-FE960ED55751}.Release|iPhoneSimulator.ActiveCfg = Release|Any CPU
		{3E05DD49-0F72-424A-963E-FE960ED55751}.Release|iPhoneSimulator.Build.0 = Release|Any CPU
		{3E05DD49-0F72-424A-963E-FE960ED55751}.Release|iPhoneSimulator.Deploy.0 = Release|Any CPU
	EndGlobalSection
	GlobalSection(SolutionProperties) = preSolution
		HideSolutionNode = FALSE
	EndGlobalSection
	GlobalSection(ExtensibilityGlobals) = postSolution
		SolutionGuid = {58CD7DB3-4C56-4949-A627-9D787BCB5FDB}
	EndGlobalSection
EndGlobal
